dependencies:
  espressif/cmake_utilities:
    component_hash: 351350613ceafba240b761b4ea991e0f231ac7a9f59a9ee901f751bddc0bb18f
    dependencies:
    - name: idf
      require: private
      version: '>=4.1'
    source:
      registry_url: https://components.espressif.com
      type: service
    version: 0.5.3
  espressif/esp-radar:
    component_hash: d29797dd46619d4b2a3ad332eeb97397e55f8ef2d62970d0fc228f092420f15e
    dependencies:
    - name: espressif/cmake_utilities
      registry_url: https://components.espressif.com
      require: private
      version: 0.*
    - name: espressif/esp_csi_gain_ctrl
      registry_url: https://components.espressif.com
      require: private
      version: '>=0.1.3'
    - name: espressif/esp_radar_motion_dec
      registry_url: https://components.espressif.com
      require: private
      version: '>=0.1.1'
    - name: idf
      require: private
      version: '>=5.4'
    source:
      registry_url: https://components.espressif.com
      type: service
    targets:
    - esp32
    - esp32s3
    - esp32s2
    - esp32c3
    - esp32c5
    - esp32c6
    - esp32c61
    version: 0.3.4
  espressif/esp_csi_gain_ctrl:
    component_hash: 2700b6625343916dfb721af42131857b3e387dbbb9cc1df569128525c8b05f8e
    dependencies:
    - name: espressif/cmake_utilities
      registry_url: https://components.espressif.com
      require: private
      version: 0.*
    - name: idf
      require: private
      version: '>=4.4.1'
    source:
      registry_url: https://components.espressif.com
      type: service
    targets:
    - esp32
    - esp32s3
    - esp32s2
    - esp32c3
    - esp32c5
    - esp32c6
    - esp32c61
    version: 0.1.5
  espressif/esp_radar_motion_dec:
    component_hash: c4e2ff510fb3ffff2cc6347b059e4c264515aebb1cf427ca3bc9398b4941b857
    dependencies:
    - name: espressif/cmake_utilities
      registry_url: https://components.espressif.com
      require: private
      version: 0.*
    - name: idf
      require: private
      version: '>=4.4.1'
    source:
      registry_url: https://components.espressif.com
      type: service
    targets:
    - esp32
    - esp32s3
    - esp32s2
    - esp32c3
    - esp32c5
    - esp32c6
    - esp32c61
    version: 0.1.1
  espressif/esp_wifi_sensing:
    component_hash: bb1f074c7fc4c119d937b283483e43bf8a20c03a7b0642b51b614816fdf0c25f
    dependencies:
    - name: idf
      require: private
      version: '>=5.4'
    - name: espressif/cmake_utilities
      registry_url: https://components.espressif.com
      require: private
      version: 0.*
    - name: espressif/esp-radar
      registry_url: https://components.espressif.com
      require: private
      version: '>=0.3.3'
    source:
      registry_url: https://components.espressif.com/
      type: service
    targets:
    - esp32
    - esp32s3
    - esp32s2
    - esp32c3
    - esp32c5
    - esp32c6
    - esp32c61
    version: 0.1.1~3
  idf:
    source:
      type: idf
    version: 6.0.0
direct_dependencies:
- espressif/esp_wifi_sensing
- idf
manifest_hash: a8778b2d18fe872167c67e9f6bed621e1a7949741b0d38d57384f072ef3894e0
target: esp32s3
version: 3.0.0
